
Microsoft Visual Studio Solution File, Format Version 12.00
# Visual Studio 15
VisualStudioVersion = 15.0.26228.4
MinimumVisualStudioVersion = 10.0.40219.1
Project("{FAE04EC0-301F-11D3-BF4B-00C04F79EFBC}") = "FeedbackManagementSystem", "AutomatedTellerMachine\FeedbackManagementSystem.csproj", "{7CAEB0A3-4FDF-44E6-845F-17716F639FD7}"
EndProject
Project("{FAE04EC0-301F-11D3-BF4B-00C04F79EFBC}") = "FeedbackManagementSystem.Tests", "AutomatedTellerMachine\AutomatedTellerMachine.Tests\FeedbackManagementSystem.Tests.csproj", "{C03B1594-EDCA-421F-9B91-522F5BA20920}"
EndProject
Project("{FAE04EC0-301F-11D3-BF4B-00C04F79EFBC}") = "DragonClassifier", "..\..\Researchpapers\Dragon-master\Dragon-master\TrainTheDragon\DragonClassifier.csproj", "{938B1C88-D4A1-40BA-99D4-51D4260C3F76}"
EndProject
Project("{FAE04EC0-301F-11D3-BF4B-00C04F79EFBC}") = "Sentiment.Analysis.Interfaces", "..\..\Researchpapers\Dragon-master\Dragon-master\Sentiment.Analysis.Interfaces\Sentiment.Analysis.Interfaces.csproj", "{1DB5DB2B-48FE-4454-8F2D-11F8A6436CEE}"
EndProject
Project("{FAE04EC0-301F-11D3-BF4B-00C04F79EFBC}") = "DragonContentExtractor", "..\..\Researchpapers\Dragon-master\Dragon-master\DragonContentExtractor\DragonContentExtractor.csproj", "{190C8865-7E42-4401-925C-5613F8ABF3C5}"
EndProject
Project("{FAE04EC0-301F-11D3-BF4B-00C04F79EFBC}") = "DragonHelper", "..\..\Researchpapers\Dragon-master\Dragon-master\DragonHelper\DragonHelper.csproj", "{BB8FA40C-F2F8-4AD5-999C-2E3981F9B6B8}"
EndProject
Project("{FAE04EC0-301F-11D3-BF4B-00C04F79EFBC}") = "NLPToolkit", "..\..\Researchpapers\Dragon-master\Dragon-master\NLPToolkit\NLPToolkit.csproj", "{8A9808DB-71FA-44BA-B562-F2903F669045}"
EndProject
Global
	GlobalSection(SolutionConfigurationPlatforms) = preSolution
		Debug|Any CPU = Debug|Any CPU
		Release|Any CPU = Release|Any CPU
		Test|Any CPU = Test|Any CPU
	EndGlobalSection
	GlobalSection(ProjectConfigurationPlatforms) = postSolution
		{7CAEB0A3-4FDF-44E6-845F-17716F639FD7}.Debug|Any CPU.ActiveCfg = Debug|Any CPU
		{7CAEB0A3-4FDF-44E6-845F-17716F639FD7}.Debug|Any CPU.Build.0 = Debug|Any CPU
		{7CAEB0A3-4FDF-44E6-845F-17716F639FD7}.Release|Any CPU.ActiveCfg = Release|Any CPU
		{7CAEB0A3-4FDF-44E6-845F-17716F639FD7}.Release|Any CPU.Build.0 = Release|Any CPU
		{7CAEB0A3-4FDF-44E6-845F-17716F639FD7}.Test|Any CPU.ActiveCfg = Test|Any CPU
		{7CAEB0A3-4FDF-44E6-845F-17716F639FD7}.Test|Any CPU.Build.0 = Test|Any CPU
		{C03B1594-EDCA-421F-9B91-522F5BA20920}.Debug|Any CPU.ActiveCfg = Debug|Any CPU
		{C03B1594-EDCA-421F-9B91-522F5BA20920}.Debug|Any CPU.Build.0 = Debug|Any CPU
		{C03B1594-EDCA-421F-9B91-522F5BA20920}.Release|Any CPU.ActiveCfg = Release|Any CPU
		{C03B1594-EDCA-421F-9B91-522F5BA20920}.Release|Any CPU.Build.0 = Release|Any CPU
		{C03B1594-EDCA-421F-9B91-522F5BA20920}.Test|Any CPU.ActiveCfg = Test|Any CPU
		{C03B1594-EDCA-421F-9B91-522F5BA20920}.Test|Any CPU.Build.0 = Test|Any CPU
		{938B1C88-D4A1-40BA-99D4-51D4260C3F76}.Debug|Any CPU.ActiveCfg = Debug|Any CPU
		{938B1C88-D4A1-40BA-99D4-51D4260C3F76}.Debug|Any CPU.Build.0 = Debug|Any CPU
		{938B1C88-D4A1-40BA-99D4-51D4260C3F76}.Release|Any CPU.ActiveCfg = Release|Any CPU
		{938B1C88-D4A1-40BA-99D4-51D4260C3F76}.Release|Any CPU.Build.0 = Release|Any CPU
		{938B1C88-D4A1-40BA-99D4-51D4260C3F76}.Test|Any CPU.ActiveCfg = Release|Any CPU
		{938B1C88-D4A1-40BA-99D4-51D4260C3F76}.Test|Any CPU.Build.0 = Release|Any CPU
		{1DB5DB2B-48FE-4454-8F2D-11F8A6436CEE}.Debug|Any CPU.ActiveCfg = Debug|Any CPU
		{1DB5DB2B-48FE-4454-8F2D-11F8A6436CEE}.Debug|Any CPU.Build.0 = Debug|Any CPU
		{1DB5DB2B-48FE-4454-8F2D-11F8A6436CEE}.Release|Any CPU.ActiveCfg = Release|Any CPU
		{1DB5DB2B-48FE-4454-8F2D-11F8A6436CEE}.Release|Any CPU.Build.0 = Release|Any CPU
		{1DB5DB2B-48FE-4454-8F2D-11F8A6436CEE}.Test|Any CPU.ActiveCfg = Release|Any CPU
		{1DB5DB2B-48FE-4454-8F2D-11F8A6436CEE}.Test|Any CPU.Build.0 = Release|Any CPU
		{190C8865-7E42-4401-925C-5613F8ABF3C5}.Debug|Any CPU.ActiveCfg = Debug|Any CPU
		{190C8865-7E42-4401-925C-5613F8ABF3C5}.Debug|Any CPU.Build.0 = Debug|Any CPU
		{190C8865-7E42-4401-925C-5613F8ABF3C5}.Release|Any CPU.ActiveCfg = Release|Any CPU
		{190C8865-7E42-4401-925C-5613F8ABF3C5}.Release|Any CPU.Build.0 = Release|Any CPU
		{190C8865-7E42-4401-925C-5613F8ABF3C5}.Test|Any CPU.ActiveCfg = Release|Any CPU
		{190C8865-7E42-4401-925C-5613F8ABF3C5}.Test|Any CPU.Build.0 = Release|Any CPU
		{BB8FA40C-F2F8-4AD5-999C-2E3981F9B6B8}.Debug|Any CPU.ActiveCfg = Debug|Any CPU
		{BB8FA40C-F2F8-4AD5-999C-2E3981F9B6B8}.Debug|Any CPU.Build.0 = Debug|Any CPU
		{BB8FA40C-F2F8-4AD5-999C-2E3981F9B6B8}.Release|Any CPU.ActiveCfg = Release|Any CPU
		{BB8FA40C-F2F8-4AD5-999C-2E3981F9B6B8}.Release|Any CPU.Build.0 = Release|Any CPU
		{BB8FA40C-F2F8-4AD5-999C-2E3981F9B6B8}.Test|Any CPU.ActiveCfg = Release|Any CPU
		{BB8FA40C-F2F8-4AD5-999C-2E3981F9B6B8}.Test|Any CPU.Build.0 = Release|Any CPU
		{8A9808DB-71FA-44BA-B562-F2903F669045}.Debug|Any CPU.ActiveCfg = Debug|Any CPU
		{8A9808DB-71FA-44BA-B562-F2903F669045}.Debug|Any CPU.Build.0 = Debug|Any CPU
		{8A9808DB-71FA-44BA-B562-F2903F669045}.Release|Any CPU.ActiveCfg = Release|Any CPU
		{8A9808DB-71FA-44BA-B562-F2903F669045}.Release|Any CPU.Build.0 = Release|Any CPU
		{8A9808DB-71FA-44BA-B562-F2903F669045}.Test|Any CPU.ActiveCfg = Release|Any CPU
		{8A9808DB-71FA-44BA-B562-F2903F669045}.Test|Any CPU.Build.0 = Release|Any CPU
	EndGlobalSection
	GlobalSection(SolutionProperties) = preSolution
		HideSolutionNode = FALSE
	EndGlobalSection
EndGlobal
